// !$*UTF8*$!
{
	archiveVersion = 1;
	classes = {
	};
	objectVersion = 46;
	objects = {

/* Begin PBXBuildFile section */
		276A0D9F1B6EC583006CFCCC /* WhiskeyViewController.m in Sources */ = {isa = PBXBuildFile; fileRef = 276A0D9E1B6EC583006CFCCC /* WhiskeyViewController.m */; };
		27AA738E1B64A63200812B31 /* main.m in Sources */ = {isa = PBXBuildFile; fileRef = 27AA738D1B64A63200812B31 /* main.m */; };
		27AA73911B64A63200812B31 /* AppDelegate.m in Sources */ = {isa = PBXBuildFile; fileRef = 27AA73901B64A63200812B31 /* AppDelegate.m */; };
		27AA73941B64A63200812B31 /* WineViewController.m in Sources */ = {isa = PBXBuildFile; fileRef = 27AA73931B64A63200812B31 /* WineViewController.m */; };
		27AA73971B64A63200812B31 /* Main.storyboard in Resources */ = {isa = PBXBuildFile; fileRef = 27AA73951B64A63200812B31 /* Main.storyboard */; };
		27AA73991B64A63200812B31 /* Images.xcassets in Resources */ = {isa = PBXBuildFile; fileRef = 27AA73981B64A63200812B31 /* Images.xcassets */; };
		27AA739C1B64A63200812B31 /* LaunchScreen.xib in Resources */ = {isa = PBXBuildFile; fileRef = 27AA739A1B64A63200812B31 /* LaunchScreen.xib */; };
		27AA73A81B64A63200812B31 /* AlcolatorTests.m in Sources */ = {isa = PBXBuildFile; fileRef = 27AA73A71B64A63200812B31 /* AlcolatorTests.m */; };
/* End PBXBuildFile section */

/* Begin PBXContainerItemProxy section */
		27AA73A21B64A63200812B31 /* PBXContainerItemProxy */ = {
			isa = PBXContainerItemProxy;
			containerPortal = 27AA73801B64A63200812B31 /* Project object */;
			proxyType = 1;
			remoteGlobalIDString = 27AA73871B64A63200812B31;
			remoteInfo = Alcolator;
		};
/* End PBXContainerItemProxy section */

/* Begin PBXFileReference section */
		276A0D9D1B6EC583006CFCCC /* WhiskeyViewController.h */ = {isa = PBXFileReference; fileEncoding = 4; lastKnownFileType = sourcecode.c.h; path = WhiskeyViewController.h; sourceTree = "<group>"; };
		276A0D9E1B6EC583006CFCCC /* WhiskeyViewController.m */ = {isa = PBXFileReference; fileEncoding = 4; lastKnownFileType = sourcecode.c.objc; path = WhiskeyViewController.m; sourceTree = "<group>"; };
		27AA73881B64A63200812B31 /* Alcolator.app */ = {isa = PBXFileReference; explicitFileType = wrapper.application; includeInIndex = 0; path = Alcolator.app; sourceTree = BUILT_PRODUCTS_DIR; };
		27AA738C1B64A63200812B31 /* Info.plist */ = {isa = PBXFileReference; lastKnownFileType = text.plist.xml; path = Info.plist; sourceTree = "<group>"; };
		27AA738D1B64A63200812B31 /* main.m */ = {isa = PBXFileReference; lastKnownFileType = sourcecode.c.objc; path = main.m; sourceTree = "<group>"; };
		27AA738F1B64A63200812B31 /* AppDelegate.h */ = {isa = PBXFileReference; lastKnownFileType = sourcecode.c.h; path = AppDelegate.h; sourceTree = "<group>"; };
		27AA73901B64A63200812B31 /* AppDelegate.m */ = {isa = PBXFileReference; lastKnownFileType = sourcecode.c.objc; path = AppDelegate.m; sourceTree = "<group>"; };
		27AA73921B64A63200812B31 /* WineViewController.h */ = {isa = PBXFileReference; lastKnownFileType = sourcecode.c.h; path = WineViewController.h; sourceTree = "<group>"; };
		27AA73931B64A63200812B31 /* WineViewController.m */ = {isa = PBXFileReference; lastKnownFileType = sourcecode.c.objc; path = WineViewController.m; sourceTree = "<group>"; };
		27AA73961B64A63200812B31 /* Base */ = {isa = PBXFileReference; lastKnownFileType = file.storyboard; name = Base; path = Base.lproj/Main.storyboard; sourceTree = "<group>"; };
		27AA73981B64A63200812B31 /* Images.xcassets */ = {isa = PBXFileReference; lastKnownFileType = folder.assetcatalog; path = Images.xcassets; sourceTree = "<group>"; };
		27AA739B1B64A63200812B31 /* Base */ = {isa = PBXFileReference; lastKnownFileType = file.xib; name = Base; path = Base.lproj/LaunchScreen.xib; sourceTree = "<group>"; };
		27AA73A11B64A63200812B31 /* AlcolatorTests.xctest */ = {isa = PBXFileReference; explicitFileType = wrapper.cfbundle; includeInIndex = 0; path = AlcolatorTests.xctest; sourceTree = BUILT_PRODUCTS_DIR; };
		27AA73A61B64A63200812B31 /* Info.plist */ = {isa = PBXFileReference; lastKnownFileType = text.plist.xml; path = Info.plist; sourceTree = "<group>"; };
		27AA73A71B64A63200812B31 /* AlcolatorTests.m */ = {isa = PBXFileReference; lastKnownFileType = sourcecode.c.objc; path = AlcolatorTests.m; sourceTree = "<group>"; };
/* End PBXFileReference section */

/* Begin PBXFrameworksBuildPhase section */
		27AA73851B64A63200812B31 /* Frameworks */ = {
			isa = PBXFrameworksBuildPhase;
			buildActionMask = 2147483647;
			files = (
			);
			runOnlyForDeploymentPostprocessing = 0;
		};
		27AA739E1B64A63200812B31 /* Frameworks */ = {
			isa = PBXFrameworksBuildPhase;
			buildActionMask = 2147483647;
			files = (
			);
			runOnlyForDeploymentPostprocessing = 0;
		};
/* End PBXFrameworksBuildPhase section */

/* Begin PBXGroup section */
		27AA737F1B64A63200812B31 = {
			isa = PBXGroup;
			children = (
				27AA738A1B64A63200812B31 /* Alcolator */,
				27AA73A41B64A63200812B31 /* AlcolatorTests */,
				27AA73891B64A63200812B31 /* Products */,
			);
			sourceTree = "<group>";
		};
		27AA73891B64A63200812B31 /* Products */ = {
			isa = PBXGroup;
			children = (
				27AA73881B64A63200812B31 /* Alcolator.app */,
				27AA73A11B64A63200812B31 /* AlcolatorTests.xctest */,
			);
			name = Products;
			sourceTree = "<group>";
		};
		27AA738A1B64A63200812B31 /* Alcolator */ = {
			isa = PBXGroup;
			children = (
				27AA738F1B64A63200812B31 /* AppDelegate.h */,
				27AA73901B64A63200812B31 /* AppDelegate.m */,
				27AA73951B64A63200812B31 /* Main.storyboard */,
				27AA73921B64A63200812B31 /* WineViewController.h */,
				27AA73931B64A63200812B31 /* WineViewController.m */,
				276A0D9D1B6EC583006CFCCC /* WhiskeyViewController.h */,
				276A0D9E1B6EC583006CFCCC /* WhiskeyViewController.m */,
				27AA73981B64A63200812B31 /* Images.xcassets */,
				27AA739A1B64A63200812B31 /* LaunchScreen.xib */,
				27AA738B1B64A63200812B31 /* Supporting Files */,
			);
			path = Alcolator;
			sourceTree = "<group>";
		};
		27AA738B1B64A63200812B31 /* Supporting Files */ = {
			isa = PBXGroup;
			children = (
				27AA738C1B64A63200812B31 /* Info.plist */,
				27AA738D1B64A63200812B31 /* main.m */,
			);
			name = "Supporting Files";
			sourceTree = "<group>";
		};
		27AA73A41B64A63200812B31 /* AlcolatorTests */ = {
			isa = PBXGroup;
			children = (
				27AA73A71B64A63200812B31 /* AlcolatorTests.m */,
				27AA73A51B64A63200812B31 /* Supporting Files */,
			);
			path = AlcolatorTests;
			sourceTree = "<group>";
		};
		27AA73A51B64A63200812B31 /* Supporting Files */ = {
			isa = PBXGroup;
			children = (
				27AA73A61B64A63200812B31 /* Info.plist */,
			);
			name = "Supporting Files";
			sourceTree = "<group>";
		};
/* End PBXGroup section */

/* Begin PBXNativeTarget section */
		27AA73871B64A63200812B31 /* Alcolator */ = {
			isa = PBXNativeTarget;
			buildConfigurationList = 27AA73AB1B64A63200812B31 /* Build configuration list for PBXNativeTarget "Alcolator" */;
			buildPhases = (
				27AA73841B64A63200812B31 /* Sources */,
				27AA73851B64A63200812B31 /* Frameworks */,
				27AA73861B64A63200812B31 /* Resources */,
			);
			buildRules = (
			);
			dependencies = (
			);
			name = Alcolator;
			productName = Alcolator;
			productReference = 27AA73881B64A63200812B31 /* Alcolator.app */;
			productType = "com.apple.product-type.application";
		};
		27AA73A01B64A63200812B31 /* AlcolatorTests */ = {
			isa = PBXNativeTarget;
			buildConfigurationList = 27AA73AE1B64A63200812B31 /* Build configuration list for PBXNativeTarget "AlcolatorTests" */;
			buildPhases = (
				27AA739D1B64A63200812B31 /* Sources */,
				27AA739E1B64A63200812B31 /* Frameworks */,
				27AA739F1B64A63200812B31 /* Resources */,
			);
			buildRules = (
			);
			dependencies = (
				27AA73A31B64A63200812B31 /* PBXTargetDependency */,
			);
			name = AlcolatorTests;
			productName = AlcolatorTests;
			productReference = 27AA73A11B64A63200812B31 /* AlcolatorTests.xctest */;
			productType = "com.apple.product-type.bundle.unit-test";
		};
/* End PBXNativeTarget section */

/* Begin PBXProject section */
		27AA73801B64A63200812B31 /* Project object */ = {
			isa = PBXProject;
			attributes = {
				LastUpgradeCheck = 0640;
				ORGANIZATIONNAME = "Nilesh Mahale";
				TargetAttributes = {
					27AA73871B64A63200812B31 = {
						CreatedOnToolsVersion = 6.4;
					};
					27AA73A01B64A63200812B31 = {
						CreatedOnToolsVersion = 6.4;
						TestTargetID = 27AA73871B64A63200812B31;
					};
				};
			};
			buildConfigurationList = 27AA73831B64A63200812B31 /* Build configuration list for PBXProject "Alcolator" */;
			compatibilityVersion = "Xcode 3.2";
			developmentRegion = English;
			hasScannedForEncodings = 0;
			knownRegions = (
				en,
				Base,
			);
			mainGroup = 27AA737F1B64A63200812B31;
			productRefGroup = 27AA73891B64A63200812B31 /* Products */;
			projectDirPath = "";
			projectRoot = "";
			targets = (
				27AA73871B64A63200812B31 /* Alcolator */,
				27AA73A01B64A63200812B31 /* AlcolatorTests */,
			);
		};
/* End PBXProject section */

/* Begin PBXResourcesBuildPhase section */
		27AA73861B64A63200812B31 /* Resources */ = {
			isa = PBXResourcesBuildPhase;
			buildActionMask = 2147483647;
			files = (
				27AA73971B64A63200812B31 /* Main.storyboard in Resources */,
				27AA739C1B64A63200812B31 /* LaunchScreen.xib in Resources */,
				27AA73991B64A63200812B31 /* Images.xcassets in Resources */,
			);
			runOnlyForDeploymentPostprocessing = 0;
		};
		27AA739F1B64A63200812B31 /* Resources */ = {
			isa = PBXResourcesBuildPhase;
			buildActionMask = 2147483647;
			files = (
			);
			runOnlyForDeploymentPostprocessing = 0;
		};
/* End PBXResourcesBuildPhase section */

/* Begin PBXSourcesBuildPhase section */
		27AA73841B64A63200812B31 /* Sources */ = {
			isa = PBXSourcesBuildPhase;
			buildActionMask = 2147483647;
			files = (
				27AA73941B64A63200812B31 /* WineViewController.m in Sources */,
				276A0D9F1B6EC583006CFCCC /* WhiskeyViewController.m in Sources */,
				27AA73911B64A63200812B31 /* AppDelegate.m in Sources */,
				27AA738E1B64A63200812B31 /* main.m in Sources */,
			);
			runOnlyForDeploymentPostprocessing = 0;
		};
		27AA739D1B64A63200812B31 /* Sources */ = {
			isa = PBXSourcesBuildPhase;
			buildActionMask = 2147483647;
			files = (
				27AA73A81B64A63200812B31 /* AlcolatorTests.m in Sources */,
			);
			runOnlyForDeploymentPostprocessing = 0;
		};
/* End PBXSourcesBuildPhase section */

/* Begin PBXTargetDependency section */
		27AA73A31B64A63200812B31 /* PBXTargetDependency */ = {
			isa = PBXTargetDependency;
			target = 27AA73871B64A63200812B31 /* Alcolator */;
			targetProxy = 27AA73A21B64A63200812B31 /* PBXContainerItemProxy */;
		};
/* End PBXTargetDependency section */

/* Begin PBXVariantGroup section */
		27AA73951B64A63200812B31 /* Main.storyboard */ = {
			isa = PBXVariantGroup;
			children = (
				27AA73961B64A63200812B31 /* Base */,
			);
			name = Main.storyboard;
			sourceTree = "<group>";
		};
		27AA739A1B64A63200812B31 /* LaunchScreen.xib */ = {
			isa = PBXVariantGroup;
			children = (
				27AA739B1B64A63200812B31 /* Base */,
			);
			name = LaunchScreen.xib;
			sourceTree = "<group>";
		};
/* End PBXVariantGroup section */

/* Begin XCBuildConfiguration section */
		27AA73A91B64A63200812B31 /* Debug */ = {
			isa = XCBuildConfiguration;
			buildSettings = {
				ALWAYS_SEARCH_USER_PATHS = NO;
				CLANG_CXX_LANGUAGE_STANDARD = "gnu++0x";
				CLANG_CXX_LIBRARY = "libc++";
				CLANG_ENABLE_MODULES = YES;
				CLANG_ENABLE_OBJC_ARC = YES;
				CLANG_WARN_BOOL_CONVERSION = YES;
				CLANG_WARN_CONSTANT_CONVERSION = YES;
				CLANG_WARN_DIRECT_OBJC_ISA_USAGE = YES_ERROR;
				CLANG_WARN_EMPTY_BODY = YES;
				CLANG_WARN_ENUM_CONVERSION = YES;
				CLANG_WARN_INT_CONVERSION = YES;
				CLANG_WARN_OBJC_ROOT_CLASS = YES_ERROR;
				CLANG_WARN_UNREACHABLE_CODE = YES;
				CLANG_WARN__DUPLICATE_METHOD_MATCH = YES;
				"CODE_SIGN_IDENTITY[sdk=iphoneos*]" = "iPhone Developer";
				COPY_PHASE_STRIP = NO;
				DEBUG_INFORMATION_FORMAT = "dwarf-with-dsym";
				ENABLE_STRICT_OBJC_MSGSEND = YES;
				GCC_C_LANGUAGE_STANDARD = gnu99;
				GCC_DYNAMIC_NO_PIC = NO;
				GCC_NO_COMMON_BLOCKS = YES;
				GCC_OPTIMIZATION_LEVEL = 0;
				GCC_PREPROCESSOR_DEFINITIONS = (
					"DEBUG=1",
					"$(inherited)",
				);
				GCC_SYMBOLS_PRIVATE_EXTERN = NO;
				GCC_WARN_64_TO_32_BIT_CONVERSION = YES;
				GCC_WARN_ABOUT_RETURN_TYPE = YES_ERROR;
				GCC_WARN_UNDECLARED_SELECTOR = YES;
				GCC_WARN_UNINITIALIZED_AUTOS = YES_AGGRESSIVE;
				GCC_WARN_UNUSED_FUNCTION = YES;
				GCC_WARN_UNUSED_VARIABLE = YES;
				IPHONEOS_DEPLOYMENT_TARGET = 8.4;
				MTL_ENABLE_DEBUG_INFO = YES;
				ONLY_ACTIVE_ARCH = YES;
				SDKROOT = iphoneos;
				TARGETED_DEVICE_FAMILY = "1,2";
			};
			name = Debug;
		};
		27AA73AA1B64A63200812B31 /* Release */ = {
			isa = XCBuildConfiguration;
			buildSettings = {
				ALWAYS_SEARCH_USER_PATHS = NO;
				CLANG_CXX_LANGUAGE_STANDARD = "gnu++0x";
				CLANG_CXX_LIBRARY = "libc++";
				CLANG_ENABLE_MODULES = YES;
				CLANG_ENABLE_OBJC_ARC = YES;
				CLANG_WARN_BOOL_CONVERSION = YES;
				CLANG_WARN_CONSTANT_CONVERSION = YES;
				CLANG_WARN_DIRECT_OBJC_ISA_USAGE = YES_ERROR;
				CLANG_WARN_EMPTY_BODY = YES;
				CLANG_WARN_ENUM_CONVERSION = YES;
				CLANG_WARN_INT_CONVERSION = YES;
				CLANG_WARN_OBJC_ROOT_CLASS = YES_ERROR;
				CLANG_WARN_UNREACHABLE_CODE = YES;
				CLANG_WARN__DUPLICATE_METHOD_MATCH = YES;
				"CODE_SIGN_IDENTITY[sdk=iphoneos*]" = "iPhone Developer";
				COPY_PHASE_STRIP = NO;
				DEBUG_INFORMATION_FORMAT = "dwarf-with-dsym";
				ENABLE_NS_ASSERTIONS = NO;
				ENABLE_STRICT_OBJC_MSGSEND = YES;
				GCC_C_LANGUAGE_STANDARD = gnu99;
				GCC_NO_COMMON_BLOCKS = YES;
				GCC_WARN_64_TO_32_BIT_CONVERSION = YES;
				GCC_WARN_ABOUT_RETURN_TYPE = YES_ERROR;
				GCC_WARN_UNDECLARED_SELECTOR = YES;
				GCC_WARN_UNINITIALIZED_AUTOS = YES_AGGRESSIVE;
				GCC_WARN_UNUSED_FUNCTION = YES;
				GCC_WARN_UNUSED_VARIABLE = YES;
				IPHONEOS_DEPLOYMENT_TARGET = 8.4;
				MTL_ENABLE_DEBUG_INFO = NO;
				SDKROOT = iphoneos;
				TARGETED_DEVICE_FAMILY = "1,2";
				VALIDATE_PRODUCT = YES;
			};
			name = Release;
		};
		27AA73AC1B64A63200812B31 /* Debug */ = {
			isa = XCBuildConfiguration;
			buildSettings = {
				ASSETCATALOG_COMPILER_APPICON_NAME = AppIcon;
				INFOPLIST_FILE = Alcolator/Info.plist;
				LD_RUNPATH_SEARCH_PATHS = "$(inherited) @executable_path/Frameworks";
				PRODUCT_NAME = "$(TARGET_NAME)";
			};
			name = Debug;
		};
		27AA73AD1B64A63200812B31 /* Release */ = {
			isa = XCBuildConfiguration;
			buildSettings = {
				ASSETCATALOG_COMPILER_APPICON_NAME = AppIcon;
				INFOPLIST_FILE = Alcolator/Info.plist;
				LD_RUNPATH_SEARCH_PATHS = "$(inherited) @executable_path/Frameworks";
				PRODUCT_NAME = "$(TARGET_NAME)";
			};
			name = Release;
		};
		27AA73AF1B64A63200812B31 /* Debug */ = {
			isa = XCBuildConfiguration;
			buildSettings = {
				BUNDLE_LOADER = "$(TEST_HOST)";
				FRAMEWORK_SEARCH_PATHS = (
					"$(SDKROOT)/Developer/Library/Frameworks",
					"$(inherited)",
				);
				GCC_PREPROCESSOR_DEFINITIONS = (
					"DEBUG=1",
					"$(inherited)",
				);
				INFOPLIST_FILE = AlcolatorTests/Info.plist;
				LD_RUNPATH_SEARCH_PATHS = "$(inherited) @executable_path/Frameworks @loader_path/Frameworks";
				PRODUCT_NAME = "$(TARGET_NAME)";
				TEST_HOST = "$(BUILT_PRODUCTS_DIR)/Alcolator.app/Alcolator";
			};
			name = Debug;
		};
		27AA73B01B64A63200812B31 /* Release */ = {
			isa = XCBuildConfiguration;
			buildSettings = {
				BUNDLE_LOADER = "$(TEST_HOST)";
				FRAMEWORK_SEARCH_PATHS = (
					"$(SDKROOT)/Developer/Library/Frameworks",
					"$(inherited)",
				);
				INFOPLIST_FILE = AlcolatorTests/Info.plist;
				LD_RUNPATH_SEARCH_PATHS = "$(inherited) @executable_path/Frameworks @loader_path/Frameworks";
				PRODUCT_NAME = "$(TARGET_NAME)";
				TEST_HOST = "$(BUILT_PRODUCTS_DIR)/Alcolator.app/Alcolator";
			};
			name = Release;
		};
/* End XCBuildConfiguration section */

/* Begin XCConfigurationList section */
		27AA73831B64A63200812B31 /* Build configuration list for PBXProject "Alcolator" */ = {
			isa = XCConfigurationList;
			buildConfigurations = (
				27AA73A91B64A63200812B31 /* Debug */,
				27AA73AA1B64A63200812B31 /* Release */,
			);
			defaultConfigurationIsVisible = 0;
			defaultConfigurationName = Release;
		};
		27AA73AB1B64A63200812B31 /* Build configuration list for PBXNativeTarget "Alcolator" */ = {
			isa = XCConfigurationList;
			buildConfigurations = (
				27AA73AC1B64A63200812B31 /* Debug */,
				27AA73AD1B64A63200812B31 /* Release */,
			);
			defaultConfigurationIsVisible = 0;
			defaultConfigurationName = Release;
		};
		27AA73AE1B64A63200812B31 /* Build configuration list for PBXNativeTarget "AlcolatorTests" */ = {
			isa = XCConfigurationList;
			buildConfigurations = (
				27AA73AF1B64A63200812B31 /* Debug */,
				27AA73B01B64A63200812B31 /* Release */,
			);
			defaultConfigurationIsVisible = 0;
			defaultConfigurationName = Release;
		};
/* End XCConfigurationList section */
	};
	rootObject = 27AA73801B64A63200812B31 /* Project object */;
}
